
Microsoft Visual Studio Solution File, Format Version 12.00
# Visual Studio Version 17
VisualStudioVersion = 17.12.35707.178 d17.12
MinimumVisualStudioVersion = 10.0.40219.1
Project("{FAE04EC0-301F-11D3-BF4B-00C04F79EFBC}") = "Topic Three - Assignment_Variables", "Topic Three - Assignment_Variables.csproj", "{06AB06A3-5890-45BE-97A5-306D5F5D94F1}"
EndProject
Global
	GlobalSection(SolutionConfigurationPlatforms) = preSolution
		Debug|Any CPU = Debug|Any CPU
		Release|Any CPU = Release|Any CPU
	EndGlobalSection
	GlobalSection(ProjectConfigurationPlatforms) = postSolution
		{06AB06A3-5890-45BE-97A5-306D5F5D94F1}.Debug|Any CPU.ActiveCfg = Debug|Any CPU
		{06AB06A3-5890-45BE-97A5-306D5F5D94F1}.Debug|Any CPU.Build.0 = Debug|Any CPU
		{06AB06A3-5890-45BE-97A5-306D5F5D94F1}.Release|Any CPU.ActiveCfg = Release|Any CPU
		{06AB06A3-5890-45BE-97A5-306D5F5D94F1}.Release|Any CPU.Build.0 = Release|Any CPU
	EndGlobalSection
	GlobalSection(SolutionProperties) = preSolution
		HideSolutionNode = FALSE
	EndGlobalSection
EndGlobal
